
Microsoft Visual Studio Solution File, Format Version 11.00
# Visual Studio 2010
Project("{8BC9CEB8-8B4A-11D0-8D11-00A0C91BC942}") = "compiler_assn", "compiler_assn\compiler_assn.vcxproj", "{78EA3545-41E0-44AB-A564-90A37643FD62}"
EndProject
Global
	GlobalSection(SolutionConfigurationPlatforms) = preSolution
		Debug|Win32 = Debug|Win32
		Release|Win32 = Release|Win32
	EndGlobalSection
	GlobalSection(ProjectConfigurationPlatforms) = postSolution
		{78EA3545-41E0-44AB-A564-90A37643FD62}.Debug|Win32.ActiveCfg = Debug|Win32
		{78EA3545-41E0-44AB-A564-90A37643FD62}.Debug|Win32.Build.0 = Debug|Win32
		{78EA3545-41E0-44AB-A564-90A37643FD62}.Release|Win32.ActiveCfg = Release|Win32
		{78EA3545-41E0-44AB-A564-90A37643FD62}.Release|Win32.Build.0 = Release|Win32
	EndGlobalSection
	GlobalSection(SolutionProperties) = preSolution
		HideSolutionNode = FALSE
	EndGlobalSection
EndGlobal
